{
  "capture_date": "2026-07-01",
  "corpus_snapshot_id": "depguard-corpus-2026-07-01-c6f3471a2245",
  "counts": {
    "by_ecosystem": {
      "PyPI": 22,
      "npm": 18
    },
    "cc0": 3,
    "cc_by": 37,
    "packages": 42,
    "total_records": 40,
    "withdrawn": 6
  },
  "curation_ruleset_version": "curation-1.3.0",
  "depsdev_capture_window": {
    "end": "2026-07-01",
    "start": "2026-07-01"
  },
  "depsdev_extract_sha256": {
    "depsdev_extract/npm/acorn.json": "bd58d86ff5e6004ef25d10005ec672487ada6c9bf02b17b440ec8e42b4341834",
    "depsdev_extract/npm/axios.json": "64073478eceface943738a0e194e103d325caa7597214685ea474d9ee1c1b4ff",
    "depsdev_extract/npm/cross-spawn.json": "232b4a4ff31bd944e44aa990788a2073068158d8012348f29ef786287ba18f59",
    "depsdev_extract/npm/ejs.json": "fe09e44c17de84e68510a0a2e59bcd2df765c5bf35b299a259fa717058f0e66b",
    "depsdev_extract/npm/handlebars.json": "b78c055b70eaf62ae2b5c1fc33a44e777b13c1751be22f51f8ef67a7498938ae",
    "depsdev_extract/npm/hosted-git-info.json": "ed5eb5d56e4515842cc4095c17dae5804b69a519971cb1dc393421674f5f2b6f",
    "depsdev_extract/npm/ip.json": "d80151c285355ba7787c0ab03c281c2a09a2ac48d10d8dd3d188f31e8e05fd64",
    "depsdev_extract/npm/lodash-es.json": "b832fd903c5c60fa7dfa2a11318051c95030ed2ee404517783d26839808b6f82",
    "depsdev_extract/npm/lodash-template.json": "b65d84efdb74cf475a1271f31cf5cf716d0675c05f979c100ae6f60a3e1eeef3",
    "depsdev_extract/npm/lodash.json": "ed19040ae431599359100123fd79a3a1b9f31f48da8e6ae97b82cbd373168871",
    "depsdev_extract/npm/lodash.template.json": "a63afd64233831bbd2464990751a5d17cd225481fd3b57a3225f53392f1372e9",
    "depsdev_extract/npm/lodash.trim.json": "f6b14777b23ff16c0e12a4e984478d583e6f731e1c387b6486a25aa53eb20fc6",
    "depsdev_extract/npm/lodash.trimend.json": "58a10d6e7755dc305ac6aa67860b32176402118f4fbb695a72be6a09103ec4bd",
    "depsdev_extract/npm/minimist.json": "d931e3a6190ed1cce3db3b7b63119ef5e139712084a2777d9364070dfb2b7c4e",
    "depsdev_extract/npm/node-forge.json": "87295706d2abcf971a70e87008f4c427ed42f19beec1e623a8efd8cf42ab55e9",
    "depsdev_extract/npm/prismjs.json": "9c897e22adae312527b2788b66cbabb46d8e7ee6a8bf643b45fa3e0229025776",
    "depsdev_extract/npm/qs.json": "bec9c4f78d14fef18c2e4c5bf3006c73befc53550fc0466cf1917945a96ebf6b",
    "depsdev_extract/npm/tar.json": "f7bff97671be04d2ca05a93e88c3bb80bc03ccab4a2751ad4b2f097c3a5b4a38",
    "depsdev_extract/npm/ua-parser-js.json": "794441bf794e65629507c95e39bcc27b60c1cdcd106c7606c36af25450f12e7d",
    "depsdev_extract/npm/validator.json": "31b6b9671387328bdeaf4f7dc61e07367124c34570ee17fe9a09ab949285af61",
    "depsdev_extract/npm/ws.json": "3c026d5c721471f53f4cd957e95f9e2afad68b0802106992d4bf0639c0bb6e87",
    "depsdev_extract/pypi/ansible.json": "6e2f58166d9421da3b3e5827d4675f15d17d816e941cce82d01b7e615bfa0f27",
    "depsdev_extract/pypi/certifi.json": "a47107ab8ac36bd61e9f1b8b2a5a6e261024df6805830a09a0dc1e9eeba41b18",
    "depsdev_extract/pypi/cryptography.json": "5725bbd9f130862a3141a2eef4cf09b270fb56abec1de16f678e95ad7460b5fd",
    "depsdev_extract/pypi/django.json": "828cd444576df06a459395d7ab8a1f832a6582c982f6713dbac343e95dfa4a2d",
    "depsdev_extract/pypi/flask.json": "ae5a9bec6f610223f244f2b6c5213af8686a122b0603edd40a0a2af398b09264",
    "depsdev_extract/pypi/httpx.json": "bb3af3dff3ab3fe2055d281cd96efbe9e7df3eaca595df4c6e82349bd341731e",
    "depsdev_extract/pypi/jinja2.json": "c77b786c5a1875e6f3937afbd31e7c58f4d560a85cea4523a63dfd1c6cb0dd17",
    "depsdev_extract/pypi/lxml.json": "657667fe96fffeaadc9d707254f00be4d4acb69f3628a378c8984cb86a2ee610",
    "depsdev_extract/pypi/mako.json": "b094d092ab8856283d392e6ab37c1653329b02a0d819edebe25fe33596ba5c4a",
    "depsdev_extract/pypi/numpy.json": "5d2ec739bd9596fa95d9bba8321e6a4cd3d63b2de802fdfe316da0e182b06681",
    "depsdev_extract/pypi/oauthlib.json": "b591532c6d032545d870e3f140e061f50d77f70e990146d9dced4d0c6816116a",
    "depsdev_extract/pypi/pillow.json": "f66839374f91ace53dd307a80eb3d8fe9a1ba5f233110d560be0f7f3cef3f053",
    "depsdev_extract/pypi/python-jose.json": "2d192c8c213f7db2b5bea43498a09172a23b7caf0d41fcd4ab53a32a3a3f5447",
    "depsdev_extract/pypi/pyyaml.json": "c5db761141def801bfa66aefd1c15be7ea613255f567cc6359cf48ededebd65a",
    "depsdev_extract/pypi/quart.json": "f9f822d5f3f85afffd2be14913dc16410aeb43b74d438c0c3b00a659bc5fa0e0",
    "depsdev_extract/pypi/redis.json": "385dfec6265f3e46e90f53e4c02da6382657cbbac7c3fa6774464a85a85de356",
    "depsdev_extract/pypi/requests.json": "678ece8dae552f6860145e2970cb158179938d06d8d5e98a203731a763c478e7",
    "depsdev_extract/pypi/sqlparse.json": "08822e39345ecc2cd848e352bb5dea684508615c541dc55d982d7801079911cb",
    "depsdev_extract/pypi/urllib3.json": "b1c12d7f9ab68da1f2b1cac5dadff683081a64411f15f3803c81327e4cd62e7a",
    "depsdev_extract/pypi/waitress.json": "57968d1d46c0c23ef2ff77bbf5a1f9f8b274f6d650cbd4cc7938d63a080719b4",
    "depsdev_extract/pypi/werkzeug.json": "68a8807e21f47c5a4343d329477a57aba1ad5c1597a8367887d7c37c7ccc9a2d"
  },
  "osv_sha256": {
    "osv/PyPI/GHSA-248v-346w-9cwc.json": "dac15aa24a3ddeeb1c90d7340bd449e7c3df0584d778ebf98d9a4fbb3c87c728",
    "osv/PyPI/GHSA-24wv-mv5m-xv4h.json": "0b5bc173c8531c662f2c3d4f242235a9c25ece1cc7a8da44557a12d06c667cf9",
    "osv/PyPI/GHSA-2gwj-7jmv-h26r.json": "86299f04a5fb2c06664ba7ca20e7f1ef66a1d4fbd60e64f8ec1ee12583d2af91",
    "osv/PyPI/GHSA-4grg-w6v8-c28g.json": "9fe46a1f439b55249869ff65b815d5a1a4006c22b4519e4b19fa9a26106dcbfd",
    "osv/PyPI/GHSA-56pw-mpj4-fxww.json": "569483079791f35b8c98289597bc7e3ebdb7daab19c1afe687c956ef6e600729",
    "osv/PyPI/GHSA-57qw-cc2g-pv5p.json": "79327345977ba14cfc6544a4086d0aac51b806aa47825dfc5711976c95f6a640",
    "osv/PyPI/GHSA-7q8x-38mc-p84f.json": "cceac525fd66289b0e08b4b30699f53cb87740fc9b6813af422fbd1d83ed96d4",
    "osv/PyPI/GHSA-cf7p-gm2m-833m.json": "d7d78657a3b3e7ab58ecbc5c14a1584d4e9d9e1f0c3ba5b73050dc6cc344789c",
    "osv/PyPI/GHSA-gmj6-6f8f-6699.json": "6577a92183da650b12b6ed0fa3ca96289a50452bf28720774d89bb62c08229d3",
    "osv/PyPI/GHSA-h4pw-wxh7-4vjj.json": "3056ada9c0044433d786b436f9b1badc8cbc0cfae1be8c589cc298f6c356b318",
    "osv/PyPI/GHSA-j7j6-7hfx-5522.json": "048649d4d818e060d7eeec4ffa681702fe5230c8f2664a7816bcd0361bdedd2e",
    "osv/PyPI/GHSA-p5w8-wqhj-9hhf.json": "939fdcdf39339c4cd2a6c722b49a2beab3104ba5c06f0bba70cd48a6d4565515",
    "osv/PyPI/GHSA-pg2w-x9wp-vw92.json": "bf63939fc876ccbb290e6427a187ba5030444e078788e0be9b4dec4526f83563",
    "osv/PyPI/GHSA-q34m-jh98-gwm2.json": "a92a2780b6364457fb463737be4ebeca1e07de50d761c0a0630f9361b32093bc",
    "osv/PyPI/GHSA-v4w5-p2hg-8fh6.json": "2dbe806f560d64d4bcddb478b997a3d025ac51cd291111c09b4db47d3e2bf788",
    "osv/PyPI/OSV-2022-1074.json": "fd408ab574a7575f7ea1edef1577e2fe04d0dd4283c9cc4edbcc495e21017c72",
    "osv/PyPI/PYSEC-2020-176.json": "d1e97cef485b5366fec159f0763f840f7c2ada9e3f2833c78f7186c0c7fdaed7",
    "osv/PyPI/PYSEC-2021-107.json": "1e7fe7b4ada95779010786b70bb841e8ad089e5edd04bf4f5b7fa2266ba6bae7",
    "osv/PyPI/PYSEC-2021-854.json": "c66d7b64fd58beb7bbd6c7dfe2d61cfb42bba13c5754801b503b6d004d22d411",
    "osv/PyPI/PYSEC-2022-183.json": "54f95240d96c895e53660c676335503c65c1239ebcd19d0d92ca57f39b451e91",
    "osv/PyPI/PYSEC-2022-203.json": "8fd6d594d34e82ba46ab550fde81966c89f22591d6c669310d4de55591006d8c",
    "osv/PyPI/PYSEC-2022-269.json": "02167c6ba18a5a6f21b7bd8ee1291420197bab3ee1773dea833af48c04503cb2",
    "osv/npm/GHSA-2328-f5f3-gj25.json": "0d8b7488586eee8630a026e0b1eed14474324a2f4adc1351acc3d710bf1cd97a",
    "osv/npm/GHSA-29mw-wpgm-hmr9.json": "fa4780dd4ef2031f0e9187370f8ff0c25f02a479e16c28fae6b63768f3e2c821",
    "osv/npm/GHSA-2mhh-w6q8-5hxw.json": "2dfdef9ec9e3d5eec35a658d4a421095e692e2bf9341e016c451662066efc51d",
    "osv/npm/GHSA-2p57-rm9w-gvfp.json": "f69763671b5c9902a353caf83f09cb3a0e3ba2accb979b67a4c04de78588513b",
    "osv/npm/GHSA-2qvq-rjwj-gvw9.json": "c7dd3feab219742ff551d3395f75142e9fbf8643fb31ef468dc1b55a2b9fbfd4",
    "osv/npm/GHSA-2r2c-g63r-vccr.json": "fcad636934efa44af97f429755a2c90427e85597f2390d8e32bb49a17920de04",
    "osv/npm/GHSA-35jh-r3h4-6jhm.json": "803afa701abb6abd0c224d97a48a5b78b8aed6bafff04a175181b20d2a4eebdd",
    "osv/npm/GHSA-3949-f494-cm99.json": "5eddc829edc03d66657aaa23fc25688df86e684dcf81f5b9314314ad44b87b61",
    "osv/npm/GHSA-394c-5j6w-4xmx.json": "0ea11384e9a50ae334d362f27640ff52a8b7b5467734040dc9b3ab7cbead26c4",
    "osv/npm/GHSA-3g43-6gmg-66jw.json": "0a277b2daca4032ba88a9efec6197a910cb67b933a8f46ec8ff0c7524e00bb66",
    "osv/npm/GHSA-3jfq-g458-7qm9.json": "9ba4d813b4acc0059eac265ca3dafbc564a843f77d23534f0236b49deeaa4835",
    "osv/npm/GHSA-3w5v-p54c-f74x.json": "e74d36edb09c67461520d3b61d1930269537e68042e32ff810144293b6c55c9f",
    "osv/npm/GHSA-3xgq-45jj-v275.json": "cc39448ce09c2326db9be0005bd871e9f0e636ec90ca0b0382623e1be5fb8050",
    "osv/npm/GHSA-42xw-2xvc-qx8m.json": "a03549833abdd7a1e9b55273b8f48d47427ba1405ad5f913307463f838db0487",
    "osv/npm/GHSA-43f8-2h32-f4cj.json": "893be8138a54309790337e9230901158fbcde758f809c018ae35f812ca87dcd3",
    "osv/npm/GHSA-7fhm-mqm4-2wp7.json": "96fe2b8af8b7a47cd830e9f30dcf2e43d2b7f9a036dd9410b530fd3981c29d3a",
    "osv/npm/GHSA-9959-c6q6-6qp3.json": "50140a942f88f1883504b6e8224e5a15aedfd3213219632156b009ab37275fdc",
    "osv/npm/GHSA-crvj-3gj9-gm2p.json": "409701b2b169b5e1e18c8c73093243a6902a9e302e477c4cfce591ad8563a000"
  }
}
