{
  "capture_date": "2026-07-01",
  "corpus_snapshot_id": "depguard-corpus-2026-07-01-fdd6db1be17a",
  "counts": {
    "by_ecosystem": {
      "Go": 4,
      "PyPI": 22,
      "crates.io": 5,
      "npm": 18
    },
    "cc0": 3,
    "cc_by": 46,
    "packages": 50,
    "total_records": 49,
    "withdrawn": 6
  },
  "curation_ruleset_version": "curation-1.3.0",
  "depsdev_capture_window": {
    "end": "2026-07-01",
    "start": "2026-07-01"
  },
  "depsdev_extract_sha256": {
    "depsdev_extract/cargo/hyper.json": "daacad9552ac2c36eef15a5be3257ce7ecf64b1d036c72af93dd0c53eddb838e",
    "depsdev_extract/cargo/smallvec.json": "4e172c72caf7c16ca62ea26dfb6b089795435a60d7ed54ab8b9f4bf2f2e9267b",
    "depsdev_extract/cargo/time.json": "92dba401c32b88e06d5b48d76929344c6f5abf1940b75a4159796ef78c055a4b",
    "depsdev_extract/cargo/tokio.json": "9550f695b8e1d4ee9afe7cc339721c531e2fbc3d9870297cb1d47bd8b5871086",
    "depsdev_extract/go/github.com%2Fdgrijalva%2Fjwt-go%2Fv4.json": "4f26058db4d98a1941b2c50b620bc5327e4358393550f6f3fff91e0a6c74e3de",
    "depsdev_extract/go/github.com%2Fdgrijalva%2Fjwt-go.json": "d99dbdf33800057fcd36ecab0e3a01959a647854ae8df25aef0824b7f58513b6",
    "depsdev_extract/go/github.com%2Fgin-gonic%2Fgin.json": "bab701ee0cf0b09da61f17d1073c88b238ae731c6d408f5d3997e84959b99c5b",
    "depsdev_extract/go/golang.org%2Fx%2Fcrypto.json": "35ca9437e9166e095f1011169fd7daf7b0cd0e4e860b98aaa9cefdebd941e6d3",
    "depsdev_extract/npm/acorn.json": "e61b20f0759c375190d608a02c741e5b4b8b523433b37640387b1c023b4560ee",
    "depsdev_extract/npm/axios.json": "7cec8f0a0d61f6780bfc17930b44e0af266c8d6e587a64776aa87f91688af365",
    "depsdev_extract/npm/cross-spawn.json": "232b4a4ff31bd944e44aa990788a2073068158d8012348f29ef786287ba18f59",
    "depsdev_extract/npm/ejs.json": "fe09e44c17de84e68510a0a2e59bcd2df765c5bf35b299a259fa717058f0e66b",
    "depsdev_extract/npm/handlebars.json": "b78c055b70eaf62ae2b5c1fc33a44e777b13c1751be22f51f8ef67a7498938ae",
    "depsdev_extract/npm/hosted-git-info.json": "ed5eb5d56e4515842cc4095c17dae5804b69a519971cb1dc393421674f5f2b6f",
    "depsdev_extract/npm/ip.json": "d80151c285355ba7787c0ab03c281c2a09a2ac48d10d8dd3d188f31e8e05fd64",
    "depsdev_extract/npm/lodash-es.json": "b832fd903c5c60fa7dfa2a11318051c95030ed2ee404517783d26839808b6f82",
    "depsdev_extract/npm/lodash-template.json": "b65d84efdb74cf475a1271f31cf5cf716d0675c05f979c100ae6f60a3e1eeef3",
    "depsdev_extract/npm/lodash.json": "ed19040ae431599359100123fd79a3a1b9f31f48da8e6ae97b82cbd373168871",
    "depsdev_extract/npm/lodash.template.json": "a63afd64233831bbd2464990751a5d17cd225481fd3b57a3225f53392f1372e9",
    "depsdev_extract/npm/lodash.trim.json": "f6b14777b23ff16c0e12a4e984478d583e6f731e1c387b6486a25aa53eb20fc6",
    "depsdev_extract/npm/lodash.trimend.json": "58a10d6e7755dc305ac6aa67860b32176402118f4fbb695a72be6a09103ec4bd",
    "depsdev_extract/npm/minimist.json": "d931e3a6190ed1cce3db3b7b63119ef5e139712084a2777d9364070dfb2b7c4e",
    "depsdev_extract/npm/node-forge.json": "87295706d2abcf971a70e87008f4c427ed42f19beec1e623a8efd8cf42ab55e9",
    "depsdev_extract/npm/prismjs.json": "9c897e22adae312527b2788b66cbabb46d8e7ee6a8bf643b45fa3e0229025776",
    "depsdev_extract/npm/qs.json": "bec9c4f78d14fef18c2e4c5bf3006c73befc53550fc0466cf1917945a96ebf6b",
    "depsdev_extract/npm/tar.json": "da1d1e23f4c9aed8f45b3027a393cc3f9fadd896877ca55e3620802a9e3f8346",
    "depsdev_extract/npm/ua-parser-js.json": "794441bf794e65629507c95e39bcc27b60c1cdcd106c7606c36af25450f12e7d",
    "depsdev_extract/npm/validator.json": "31b6b9671387328bdeaf4f7dc61e07367124c34570ee17fe9a09ab949285af61",
    "depsdev_extract/npm/ws.json": "e6ff7abf19e85043005db3ca50ff1ff715c8b57f0c5d553318712b3e48ab1d45",
    "depsdev_extract/pypi/ansible.json": "5b20ff5bc3daafa6254f2e61f52c3101032a030ea51d0c39dad90a437a942fc0",
    "depsdev_extract/pypi/certifi.json": "4a92f8f9400355627977f7cfbdae7009b1fd531ea13cbb6974f51ae7e0f72236",
    "depsdev_extract/pypi/cryptography.json": "cb9a5528a047b49f90033939732953d483cf41b16fc42f8db3ce247984415a03",
    "depsdev_extract/pypi/django.json": "a1b55c701a31163e314c49615559ff5df34b0329d0d9c11aeaa431dcc5a9a460",
    "depsdev_extract/pypi/flask.json": "59302f51d14c95357fa5b8f2c877502bd4c1acf61ae24b652b7950bb494bacad",
    "depsdev_extract/pypi/httpx.json": "51f649c603e5df5c233aa993a81f17d737f6dc7d55a35b9525b8447ae85829ec",
    "depsdev_extract/pypi/jinja2.json": "c5872012099003dcdff064bf5d1e8ff0e4d5310e21ae3cd0347680b81be267bd",
    "depsdev_extract/pypi/lxml.json": "7422d4a50fee412021bda1ed7a9ff9093f0dc08e06d70e3598ba83d2fa5c5c9b",
    "depsdev_extract/pypi/mako.json": "bf694897bc709f9b3664cec1abbf4fa997235df750f870d1054b4965b2a433cf",
    "depsdev_extract/pypi/numpy.json": "5a2963272690e0c091495cad760b1c27f6f0ab910b5860f3bf0ce33e7aabfce2",
    "depsdev_extract/pypi/oauthlib.json": "b591532c6d032545d870e3f140e061f50d77f70e990146d9dced4d0c6816116a",
    "depsdev_extract/pypi/pillow.json": "6bd7409ff87869be1d182c6cf2bfea332157f180d28b57281bdc63a7539ddda3",
    "depsdev_extract/pypi/python-jose.json": "2d192c8c213f7db2b5bea43498a09172a23b7caf0d41fcd4ab53a32a3a3f5447",
    "depsdev_extract/pypi/pyyaml.json": "c5db761141def801bfa66aefd1c15be7ea613255f567cc6359cf48ededebd65a",
    "depsdev_extract/pypi/quart.json": "9ea4220480a829d8ee6ca4f9db8b9c09f14994f5edc1f35da131a48168e098e9",
    "depsdev_extract/pypi/redis.json": "3330a1b60080a0172d93ac49d4fcf7fbcd3a31365ae75eb8b766708f23be0023",
    "depsdev_extract/pypi/requests.json": "5fd5af08b272cc3efedba143aea30b3f787f9f51827c6c2ce10f57f8acd850cc",
    "depsdev_extract/pypi/sqlparse.json": "6bd3e11d3d1adfe3ed2452b701b7ac5d29577e57938b3b704172e2b778136235",
    "depsdev_extract/pypi/urllib3.json": "b1c12d7f9ab68da1f2b1cac5dadff683081a64411f15f3803c81327e4cd62e7a",
    "depsdev_extract/pypi/waitress.json": "57968d1d46c0c23ef2ff77bbf5a1f9f8b274f6d650cbd4cc7938d63a080719b4",
    "depsdev_extract/pypi/werkzeug.json": "2ea5b06059aafb810cee0a1882b7e8e27e952c1cf8ce58b78acd29bb5917b055"
  },
  "osv_sha256": {
    "osv/Go/GHSA-2c4m-59x9-fr2g.json": "5bf59bd8f93816bef075d1415d75cb2d52feacdb38ee1f7e2721fdf3b0128819",
    "osv/Go/GHSA-3vm4-22fp-5rfm.json": "37ff940195c65d2d46c0106d94eedd701be7df340c507eabd397f0e742588ae3",
    "osv/Go/GHSA-w73w-5m7g-f7qc.json": "a452a999c2596f59082f3b39493e1b7173247fb9bb92c7ba94525b19e7862ee7",
    "osv/Go/GO-2020-0017.json": "d5f33e3b12f8a514283aaf5764da080907355233bcf5d4b524b962e452cb7a98",
    "osv/PyPI/GHSA-248v-346w-9cwc.json": "dac15aa24a3ddeeb1c90d7340bd449e7c3df0584d778ebf98d9a4fbb3c87c728",
    "osv/PyPI/GHSA-24wv-mv5m-xv4h.json": "0b5bc173c8531c662f2c3d4f242235a9c25ece1cc7a8da44557a12d06c667cf9",
    "osv/PyPI/GHSA-2gwj-7jmv-h26r.json": "86299f04a5fb2c06664ba7ca20e7f1ef66a1d4fbd60e64f8ec1ee12583d2af91",
    "osv/PyPI/GHSA-4grg-w6v8-c28g.json": "de5279168ca90b2c3af06ea99c2262cb9b176b3257cae856b3e8f47523f28a28",
    "osv/PyPI/GHSA-56pw-mpj4-fxww.json": "569483079791f35b8c98289597bc7e3ebdb7daab19c1afe687c956ef6e600729",
    "osv/PyPI/GHSA-57qw-cc2g-pv5p.json": "79327345977ba14cfc6544a4086d0aac51b806aa47825dfc5711976c95f6a640",
    "osv/PyPI/GHSA-7q8x-38mc-p84f.json": "cceac525fd66289b0e08b4b30699f53cb87740fc9b6813af422fbd1d83ed96d4",
    "osv/PyPI/GHSA-cf7p-gm2m-833m.json": "d7d78657a3b3e7ab58ecbc5c14a1584d4e9d9e1f0c3ba5b73050dc6cc344789c",
    "osv/PyPI/GHSA-gmj6-6f8f-6699.json": "933080ac98077945dd6f43eefdc1b0489e0b615f096d4768266c18c25d6bf597",
    "osv/PyPI/GHSA-h4pw-wxh7-4vjj.json": "3056ada9c0044433d786b436f9b1badc8cbc0cfae1be8c589cc298f6c356b318",
    "osv/PyPI/GHSA-j7j6-7hfx-5522.json": "048649d4d818e060d7eeec4ffa681702fe5230c8f2664a7816bcd0361bdedd2e",
    "osv/PyPI/GHSA-p5w8-wqhj-9hhf.json": "11cfd17172ce475906481120242d268513c9d4ae7aadce6e264c5fb0dc303852",
    "osv/PyPI/GHSA-pg2w-x9wp-vw92.json": "bf63939fc876ccbb290e6427a187ba5030444e078788e0be9b4dec4526f83563",
    "osv/PyPI/GHSA-q34m-jh98-gwm2.json": "5b402a2c91142abd939efa6ace69bb13a6edc694642e821fe61061078e170f65",
    "osv/PyPI/GHSA-v4w5-p2hg-8fh6.json": "2dbe806f560d64d4bcddb478b997a3d025ac51cd291111c09b4db47d3e2bf788",
    "osv/PyPI/OSV-2022-1074.json": "fd408ab574a7575f7ea1edef1577e2fe04d0dd4283c9cc4edbcc495e21017c72",
    "osv/PyPI/PYSEC-2020-176.json": "d1e97cef485b5366fec159f0763f840f7c2ada9e3f2833c78f7186c0c7fdaed7",
    "osv/PyPI/PYSEC-2021-107.json": "1e7fe7b4ada95779010786b70bb841e8ad089e5edd04bf4f5b7fa2266ba6bae7",
    "osv/PyPI/PYSEC-2021-854.json": "c66d7b64fd58beb7bbd6c7dfe2d61cfb42bba13c5754801b503b6d004d22d411",
    "osv/PyPI/PYSEC-2022-183.json": "54f95240d96c895e53660c676335503c65c1239ebcd19d0d92ca57f39b451e91",
    "osv/PyPI/PYSEC-2022-203.json": "8fd6d594d34e82ba46ab550fde81966c89f22591d6c669310d4de55591006d8c",
    "osv/PyPI/PYSEC-2022-269.json": "02167c6ba18a5a6f21b7bd8ee1291420197bab3ee1773dea833af48c04503cb2",
    "osv/crates.io/GHSA-2grh-hm3w-w7hv.json": "90875da401a849fa3d974ae85c029e7c04a3c96e389efeb264cf13ff5ecba0d5",
    "osv/crates.io/GHSA-43w2-9j62-hq99.json": "46f7ded951add6e69e18f5303383a6e6db57fadfa68db39ff595d5580b8c4894",
    "osv/crates.io/GHSA-5h46-h7hh-c6x9.json": "d5bc62750bbeb0207e69715b887547a3ff0315c60461d2298ea5cf5eaab971a5",
    "osv/crates.io/GHSA-r6v5-fh4h-64xc.json": "f322e0b9ca24ac410a62399bff45cd394a345b6c553283184f810cd1ae8ebe06",
    "osv/crates.io/RUSTSEC-2020-0071.json": "6b3a78eb102366fd2351ee1e0cc2d7d2bf80e181004fcd85f19d15dcb3a1c5fc",
    "osv/npm/GHSA-2328-f5f3-gj25.json": "0d8b7488586eee8630a026e0b1eed14474324a2f4adc1351acc3d710bf1cd97a",
    "osv/npm/GHSA-29mw-wpgm-hmr9.json": "fa4780dd4ef2031f0e9187370f8ff0c25f02a479e16c28fae6b63768f3e2c821",
    "osv/npm/GHSA-2mhh-w6q8-5hxw.json": "2dfdef9ec9e3d5eec35a658d4a421095e692e2bf9341e016c451662066efc51d",
    "osv/npm/GHSA-2p57-rm9w-gvfp.json": "f69763671b5c9902a353caf83f09cb3a0e3ba2accb979b67a4c04de78588513b",
    "osv/npm/GHSA-2qvq-rjwj-gvw9.json": "c7dd3feab219742ff551d3395f75142e9fbf8643fb31ef468dc1b55a2b9fbfd4",
    "osv/npm/GHSA-2r2c-g63r-vccr.json": "fcad636934efa44af97f429755a2c90427e85597f2390d8e32bb49a17920de04",
    "osv/npm/GHSA-35jh-r3h4-6jhm.json": "473223b34c1889f30f85dd9a5b3199b6018d09e6c19c21201712e39c5a809e75",
    "osv/npm/GHSA-3949-f494-cm99.json": "5eddc829edc03d66657aaa23fc25688df86e684dcf81f5b9314314ad44b87b61",
    "osv/npm/GHSA-394c-5j6w-4xmx.json": "0ea11384e9a50ae334d362f27640ff52a8b7b5467734040dc9b3ab7cbead26c4",
    "osv/npm/GHSA-3g43-6gmg-66jw.json": "0a277b2daca4032ba88a9efec6197a910cb67b933a8f46ec8ff0c7524e00bb66",
    "osv/npm/GHSA-3jfq-g458-7qm9.json": "f82ddd6ed0f1a59fec55c092e0bc2c95ddabff730a36c7e62a3a9bde09280c8b",
    "osv/npm/GHSA-3w5v-p54c-f74x.json": "e74d36edb09c67461520d3b61d1930269537e68042e32ff810144293b6c55c9f",
    "osv/npm/GHSA-3xgq-45jj-v275.json": "cc39448ce09c2326db9be0005bd871e9f0e636ec90ca0b0382623e1be5fb8050",
    "osv/npm/GHSA-42xw-2xvc-qx8m.json": "a03549833abdd7a1e9b55273b8f48d47427ba1405ad5f913307463f838db0487",
    "osv/npm/GHSA-43f8-2h32-f4cj.json": "893be8138a54309790337e9230901158fbcde758f809c018ae35f812ca87dcd3",
    "osv/npm/GHSA-7fhm-mqm4-2wp7.json": "96fe2b8af8b7a47cd830e9f30dcf2e43d2b7f9a036dd9410b530fd3981c29d3a",
    "osv/npm/GHSA-9959-c6q6-6qp3.json": "50140a942f88f1883504b6e8224e5a15aedfd3213219632156b009ab37275fdc",
    "osv/npm/GHSA-crvj-3gj9-gm2p.json": "409701b2b169b5e1e18c8c73093243a6902a9e302e477c4cfce591ad8563a000"
  }
}
